# This file is automatically @generated by Cargo.
# It is not intended for manual editing.
version = 3

[[package]]
name = "aoc-01-calories"
version = "0.1.0"

[[package]]
name = "aoc-02-rps"
version = "0.1.0"

[[package]]
name = "aoc-03-sack"
version = "0.1.0"
dependencies = [
 "array_tool",
]

[[package]]
name = "array_tool"
version = "1.0.3"
source = "registry+https://github.com/rust-lang/crates.io-index"
checksum = "8f8cb5d814eb646a863c4f24978cff2880c4be96ad8cde2c0f0678732902e271"
